
Microsoft Visual Studio Solution File, Format Version 11.00
# Visual Studio 2010
Project("{FAE04EC0-301F-11D3-BF4B-00C04F79EFBC}") = "UNITY", "Assembly-CSharp.csproj", "{193E8780-235F-C36B-4D27-68301175BEA0}"
EndProject
Project("{FAE04EC0-301F-11D3-BF4B-00C04F79EFBC}") = "UNITY", "Assembly-CSharp-firstpass.csproj", "{7D3F5596-3E55-DEDB-6DF6-43C3F4BFEEA4}"
EndProject
Global
	GlobalSection(SolutionConfigurationPlatforms) = preSolution
		Debug|Any CPU = Debug|Any CPU
		Release|Any CPU = Release|Any CPU
	EndGlobalSection
	GlobalSection(ProjectConfigurationPlatforms) = postSolution
		{193E8780-235F-C36B-4D27-68301175BEA0}.Debug|Any CPU.ActiveCfg = Debug|Any CPU
		{193E8780-235F-C36B-4D27-68301175BEA0}.Debug|Any CPU.Build.0 = Debug|Any CPU
		{193E8780-235F-C36B-4D27-68301175BEA0}.Release|Any CPU.ActiveCfg = Release|Any CPU
		{193E8780-235F-C36B-4D27-68301175BEA0}.Release|Any CPU.Build.0 = Release|Any CPU
		{7D3F5596-3E55-DEDB-6DF6-43C3F4BFEEA4}.Debug|Any CPU.ActiveCfg = Debug|Any CPU
		{7D3F5596-3E55-DEDB-6DF6-43C3F4BFEEA4}.Debug|Any CPU.Build.0 = Debug|Any CPU
		{7D3F5596-3E55-DEDB-6DF6-43C3F4BFEEA4}.Release|Any CPU.ActiveCfg = Release|Any CPU
		{7D3F5596-3E55-DEDB-6DF6-43C3F4BFEEA4}.Release|Any CPU.Build.0 = Release|Any CPU
	EndGlobalSection
	GlobalSection(SolutionProperties) = preSolution
		HideSolutionNode = FALSE
	EndGlobalSection
	GlobalSection(MonoDevelopProperties) = preSolution
		StartupItem = Assembly-CSharp.csproj
	EndGlobalSection
EndGlobal
